{
  "name": "guardrails-test-javascript",
  "version": "1.0.0",
  "lockfileVersion": 1,
  "requires": true,
  "dependencies": {
    "charset": {
      "version": "1.0.1",
      "resolved": "https://registry.npmjs.org/charset/-/charset-1.0.1.tgz",
      "integrity": "sha512-6dVyOOYjpfFcL1Y4qChrAoQLRHvj2ziyhcm0QJlhOcAhykL/k1kTUPbeo+87MNRTRdk2OIIsIXbuF3x2wi5EXg=="
    },
    "ecstatic": {
      "version": "4.1.4",
      "resolved": "http://registry.npmjs.org/ecstatic/-/ecstatic-4.1.4.tgz",
      "integrity": "sha512-8E4ZLK4uRuB9pwywGpy/B9vcz4gCp6IY7u4cMbeCINr/fjb1v+0wf0Ae2XlfSnG8xZYnE4uaJBjFkYI0bqcIdw==",
      "requires": {
        "charset": "^1.0.1",
        "he": "^1.1.1",
        "mime": "^2.4.1",
        "minimist": "^1.1.0",
        "on-finished": "^2.3.0",
        "url-join": "^4.0.0"
      },
      "dependencies": {
        "minimist": {
          "version": "1.2.8",
          "resolved": "https://registry.npmjs.org/minimist/-/minimist-1.2.8.tgz",
          "integrity": "sha512-2yyAR8qBkN3YuheJanUpWC5U3bb5osDywNB8RzDVlDwDHbocAJveqqj1u8+SVD7jkWT4yvsHCpWqqWqAxb0zCA=="
        }
      }
    },
    "ee-first": {
      "version": "1.1.1",
      "resolved": "https://registry.npmjs.org/ee-first/-/ee-first-1.1.1.tgz",
      "integrity": "sha512-WMwm9LhRUo+WUaRN+vRuETqG89IgZphVSNkdFgeb6sS/E4OrDIN7t48CAewSHXc6C8lefD8KKfr5vY61brQlow=="
    },
    "he": {
      "version": "1.2.0",
      "resolved": "http://registry.npmjs.org/he/-/he-1.2.0.tgz",
      "integrity": "sha512-F/1DnUGPopORZi0ni+CvrCgHQ5FyEAHRLSApuYWMmrbSwoN2Mn/7k+Gl38gJnR7yyDZk6WLXwiGod1JOWNDKGw=="
    },
    "hoek": {
      "version": "5.0.0",
      "resolved": "https://registry.npmjs.org/hoek/-/hoek-5.0.0.tgz",
      "integrity": "sha512-/eDT+s5IgB/MR88VEIF8bYqqRiQ2yPownGng7NrmQzRv0kntBnDF68JBcpxVsnuOqDjmkemEoKlF+ln4z4NY0g=="
    },
    "mime": {
      "version": "2.6.0",
      "resolved": "https://registry.npmjs.org/mime/-/mime-2.6.0.tgz",
      "integrity": "sha512-USPkMeET31rOMiarsBNIHZKLGgvKc/LrjofAnBlOttf5ajRvqiRA8QsenbcooctK6d6Ts6aqZXBA+XbkKthiQg=="
    },
    "on-finished": {
      "version": "2.4.1",
      "resolved": "https://registry.npmjs.org/on-finished/-/on-finished-2.4.1.tgz",
      "integrity": "sha512-oVlzkg3ENAhCk2zdv7IJwd/QUD4z2RxRwpkcGY8psCVcCYZNq4wYnVWALHM+brtuJjePWiYF/ClmuDr8Ch5+kg==",
      "requires": {
        "ee-first": "1.1.1"
      }
    },
    "string": {
      "version": "3.3.3",
      "resolved": "https://registry.npmjs.org/string/-/string-3.3.3.tgz",
      "integrity": "sha512-LbvprpPZT/39QKfNrlPX9vXtS7If80vqbPQ7clnHQb5oVOM5hz/cs3iQCCZjvQDwsAWl+HpLQX3gRgN6IC8t3g=="
    },
    "ultron": {
      "version": "1.1.1",
      "resolved": "https://registry.npmjs.org/ultron/-/ultron-1.1.1.tgz",
      "integrity": "sha512-UIEXBNeYmKptWH6z8ZnqTeS8fV74zG0/eRU9VGkpzz+LIJNs8W/zM/L+7ctCkRrgbNnnR0xxw4bKOr0cW0N0Og=="
    },
    "url-join": {
      "version": "4.0.1",
      "resolved": "https://registry.npmjs.org/url-join/-/url-join-4.0.1.tgz",
      "integrity": "sha512-jk1+QP6ZJqyOiuEI9AEWQfju/nB2Pw466kbA0LEZljHwKeMgd9WrAEgEGxjPDD2+TNbbb37rTyhEfrCXfuKXnA=="
    },
    "ws": {
      "version": "2.0.0",
      "resolved": "https://registry.npmjs.org/ws/-/ws-2.0.0.tgz",
      "integrity": "sha1-Mb1/yTw9yJQMqBLjau8NB1RFD3c=",
      "requires": {
        "ultron": "1.1.1"
      }
    }
  }
}
